// !$*UTF8*$!
{
	archiveVersion = 1;
	classes = {
	};
	objectVersion = 56;
	objects = {

/* Begin PBXBuildFile section */
		31B869232919EA4700F7DA98 /* UserLocationSparkApp.swift in Sources */ = {isa = PBXBuildFile; fileRef = 31B869222919EA4700F7DA98 /* UserLocationSparkApp.swift */; };
		31B869252919EA4700F7DA98 /* ContentView.swift in Sources */ = {isa = PBXBuildFile; fileRef = 31B869242919EA4700F7DA98 /* ContentView.swift */; };
		31B869272919EA4B00F7DA98 /* Assets.xcassets in Resources */ = {isa = PBXBuildFile; fileRef = 31B869262919EA4B00F7DA98 /* Assets.xcassets */; };
		31B8692B2919EA4B00F7DA98 /* Preview Assets.xcassets in Resources */ = {isa = PBXBuildFile; fileRef = 31B8692A2919EA4B00F7DA98 /* Preview Assets.xcassets */; };
/* End PBXBuildFile section */

/* Begin PBXContainerItemProxy section */
		31B869312919EA4B00F7DA98 /* PBXContainerItemProxy */ = {
			isa = PBXContainerItemProxy;
			containerPortal = 31B869172919EA4700F7DA98 /* Project object */;
			proxyType = 1;
			remoteGlobalIDString = 31B8691E2919EA4700F7DA98;
			remoteInfo = UserLocationSpark;
		};
		31B8693B2919EA4C00F7DA98 /* PBXContainerItemProxy */ = {
			isa = PBXContainerItemProxy;
			containerPortal = 31B869172919EA4700F7DA98 /* Project object */;
			proxyType = 1;
			remoteGlobalIDString = 31B8691E2919EA4700F7DA98;
			remoteInfo = UserLocationSpark;
		};
/* End PBXContainerItemProxy section */

/* Begin PBXFileReference section */
		31B8691F2919EA4700F7DA98 /* UserLocationSpark.app */ = {isa = PBXFileReference; explicitFileType = wrapper.application; includeInIndex = 0; path = UserLocationSpark.app; sourceTree = BUILT_PRODUCTS_DIR; };
		31B869222919EA4700F7DA98 /* UserLocationSparkApp.swift */ = {isa = PBXFileReference; lastKnownFileType = sourcecode.swift; path = UserLocationSparkApp.swift; sourceTree = "<group>"; };
		31B869242919EA4700F7DA98 /* ContentView.swift */ = {isa = PBXFileReference; lastKnownFileType = sourcecode.swift; path = ContentView.swift; sourceTree = "<group>"; };
		31B869262919EA4B00F7DA98 /* Assets.xcassets */ = {isa = PBXFileReference; lastKnownFileType = folder.assetcatalog; path = Assets.xcassets; sourceTree = "<group>"; };
		31B869282919EA4B00F7DA98 /* UserLocationSpark.entitlements */ = {isa = PBXFileReference; lastKnownFileType = text.plist.entitlements; path = UserLocationSpark.entitlements; sourceTree = "<group>"; };
		31B8692A2919EA4B00F7DA98 /* Preview Assets.xcassets */ = {isa = PBXFileReference; lastKnownFileType = folder.assetcatalog; path = "Preview Assets.xcassets"; sourceTree = "<group>"; };
		31B869302919EA4B00F7DA98 /* UserLocationSparkTests.xctest */ = {isa = PBXFileReference; explicitFileType = wrapper.cfbundle; includeInIndex = 0; path = UserLocationSparkTests.xctest; sourceTree = BUILT_PRODUCTS_DIR; };
		31B8693A2919EA4C00F7DA98 /* UserLocationSparkUITests.xctest */ = {isa = PBXFileReference; explicitFileType = wrapper.cfbundle; includeInIndex = 0; path = UserLocationSparkUITests.xctest; sourceTree = BUILT_PRODUCTS_DIR; };
/* End PBXFileReference section */

/* Begin PBXFrameworksBuildPhase section */
		31B8691C2919EA4700F7DA98 /* Frameworks */ = {
			isa = PBXFrameworksBuildPhase;
			buildActionMask = 2147483647;
			files = (
			);
			runOnlyForDeploymentPostprocessing = 0;
		};
		31B8692D2919EA4B00F7DA98 /* Frameworks */ = {
			isa = PBXFrameworksBuildPhase;
			buildActionMask = 2147483647;
			files = (
			);
			runOnlyForDeploymentPostprocessing = 0;
		};
		31B869372919EA4C00F7DA98 /* Frameworks */ = {
			isa = PBXFrameworksBuildPhase;
			buildActionMask = 2147483647;
			files = (
			);
			runOnlyForDeploymentPostprocessing = 0;
		};
/* End PBXFrameworksBuildPhase section */

/* Begin PBXGroup section */
		31B869162919EA4700F7DA98 = {
			isa = PBXGroup;
			children = (
				31B869212919EA4700F7DA98 /* UserLocationSpark */,
				31B869202919EA4700F7DA98 /* Products */,
			);
			sourceTree = "<group>";
		};
		31B869202919EA4700F7DA98 /* Products */ = {
			isa = PBXGroup;
			children = (
				31B8691F2919EA4700F7DA98 /* UserLocationSpark.app */,
				31B869302919EA4B00F7DA98 /* UserLocationSparkTests.xctest */,
				31B8693A2919EA4C00F7DA98 /* UserLocationSparkUITests.xctest */,
			);
			name = Products;
			sourceTree = "<group>";
		};
		31B869212919EA4700F7DA98 /* UserLocationSpark */ = {
			isa = PBXGroup;
			children = (
				31B869222919EA4700F7DA98 /* UserLocationSparkApp.swift */,
				31B869242919EA4700F7DA98 /* ContentView.swift */,
				31B869262919EA4B00F7DA98 /* Assets.xcassets */,
				31B869282919EA4B00F7DA98 /* UserLocationSpark.entitlements */,
				31B869292919EA4B00F7DA98 /* Preview Content */,
			);
			path = UserLocationSpark;
			sourceTree = "<group>";
		};
		31B869292919EA4B00F7DA98 /* Preview Content */ = {
			isa = PBXGroup;
			children = (
				31B8692A2919EA4B00F7DA98 /* Preview Assets.xcassets */,
			);
			path = "Preview Content";
			sourceTree = "<group>";
		};
/* End PBXGroup section */

/* Begin PBXNativeTarget section */
		31B8691E2919EA4700F7DA98 /* UserLocationSpark */ = {
			isa = PBXNativeTarget;
			buildConfigurationList = 31B869442919EA4C00F7DA98 /* Build configuration list for PBXNativeTarget "UserLocationSpark" */;
			buildPhases = (
				31B8691B2919EA4700F7DA98 /* Sources */,
				31B8691C2919EA4700F7DA98 /* Frameworks */,
				31B8691D2919EA4700F7DA98 /* Resources */,
			);
			buildRules = (
			);
			dependencies = (
			);
			name = UserLocationSpark;
			productName = UserLocationSpark;
			productReference = 31B8691F2919EA4700F7DA98 /* UserLocationSpark.app */;
			productType = "com.apple.product-type.application";
		};
		31B8692F2919EA4B00F7DA98 /* UserLocationSparkTests */ = {
			isa = PBXNativeTarget;
			buildConfigurationList = 31B869472919EA4C00F7DA98 /* Build configuration list for PBXNativeTarget "UserLocationSparkTests" */;
			buildPhases = (
				31B8692C2919EA4B00F7DA98 /* Sources */,
				31B8692D2919EA4B00F7DA98 /* Frameworks */,
				31B8692E2919EA4B00F7DA98 /* Resources */,
			);
			buildRules = (
			);
			dependencies = (
				31B869322919EA4B00F7DA98 /* PBXTargetDependency */,
			);
			name = UserLocationSparkTests;
			productName = UserLocationSparkTests;
			productReference = 31B869302919EA4B00F7DA98 /* UserLocationSparkTests.xctest */;
			productType = "com.apple.product-type.bundle.unit-test";
		};
		31B869392919EA4C00F7DA98 /* UserLocationSparkUITests */ = {
			isa = PBXNativeTarget;
			buildConfigurationList = 31B8694A2919EA4C00F7DA98 /* Build configuration list for PBXNativeTarget "UserLocationSparkUITests" */;
			buildPhases = (
				31B869362919EA4C00F7DA98 /* Sources */,
				31B869372919EA4C00F7DA98 /* Frameworks */,
				31B869382919EA4C00F7DA98 /* Resources */,
			);
			buildRules = (
			);
			dependencies = (
				31B8693C2919EA4C00F7DA98 /* PBXTargetDependency */,
			);
			name = UserLocationSparkUITests;
			productName = UserLocationSparkUITests;
			productReference = 31B8693A2919EA4C00F7DA98 /* UserLocationSparkUITests.xctest */;
			productType = "com.apple.product-type.bundle.ui-testing";
		};
/* End PBXNativeTarget section */

/* Begin PBXProject section */
		31B869172919EA4700F7DA98 /* Project object */ = {
			isa = PBXProject;
			attributes = {
				BuildIndependentTargetsInParallel = 1;
				LastSwiftUpdateCheck = 1410;
				LastUpgradeCheck = 1410;
				TargetAttributes = {
					31B8691E2919EA4700F7DA98 = {
						CreatedOnToolsVersion = 14.1;
					};
					31B8692F2919EA4B00F7DA98 = {
						CreatedOnToolsVersion = 14.1;
						TestTargetID = 31B8691E2919EA4700F7DA98;
					};
					31B869392919EA4C00F7DA98 = {
						CreatedOnToolsVersion = 14.1;
						TestTargetID = 31B8691E2919EA4700F7DA98;
					};
				};
			};
			buildConfigurationList = 31B8691A2919EA4700F7DA98 /* Build configuration list for PBXProject "UserLocationSpark" */;
			compatibilityVersion = "Xcode 14.0";
			developmentRegion = en;
			hasScannedForEncodings = 0;
			knownRegions = (
				en,
				Base,
			);
			mainGroup = 31B869162919EA4700F7DA98;
			productRefGroup = 31B869202919EA4700F7DA98 /* Products */;
			projectDirPath = "";
			projectRoot = "";
			targets = (
				31B8691E2919EA4700F7DA98 /* UserLocationSpark */,
				31B8692F2919EA4B00F7DA98 /* UserLocationSparkTests */,
				31B869392919EA4C00F7DA98 /* UserLocationSparkUITests */,
			);
		};
/* End PBXProject section */

/* Begin PBXResourcesBuildPhase section */
		31B8691D2919EA4700F7DA98 /* Resources */ = {
			isa = PBXResourcesBuildPhase;
			buildActionMask = 2147483647;
			files = (
				31B8692B2919EA4B00F7DA98 /* Preview Assets.xcassets in Resources */,
				31B869272919EA4B00F7DA98 /* Assets.xcassets in Resources */,
			);
			runOnlyForDeploymentPostprocessing = 0;
		};
		31B8692E2919EA4B00F7DA98 /* Resources */ = {
			isa = PBXResourcesBuildPhase;
			buildActionMask = 2147483647;
			files = (
			);
			runOnlyForDeploymentPostprocessing = 0;
		};
		31B869382919EA4C00F7DA98 /* Resources */ = {
			isa = PBXResourcesBuildPhase;
			buildActionMask = 2147483647;
			files = (
			);
			runOnlyForDeploymentPostprocessing = 0;
		};
/* End PBXResourcesBuildPhase section */

/* Begin PBXSourcesBuildPhase section */
		31B8691B2919EA4700F7DA98 /* Sources */ = {
			isa = PBXSourcesBuildPhase;
			buildActionMask = 2147483647;
			files = (
				31B869252919EA4700F7DA98 /* ContentView.swift in Sources */,
				31B869232919EA4700F7DA98 /* UserLocationSparkApp.swift in Sources */,
			);
			runOnlyForDeploymentPostprocessing = 0;
		};
		31B8692C2919EA4B00F7DA98 /* Sources */ = {
			isa = PBXSourcesBuildPhase;
			buildActionMask = 2147483647;
			files = (
			);
			runOnlyForDeploymentPostprocessing = 0;
		};
		31B869362919EA4C00F7DA98 /* Sources */ = {
			isa = PBXSourcesBuildPhase;
			buildActionMask = 2147483647;
			files = (
			);
			runOnlyForDeploymentPostprocessing = 0;
		};
/* End PBXSourcesBuildPhase section */

/* Begin PBXTargetDependency section */
		31B869322919EA4B00F7DA98 /* PBXTargetDependency */ = {
			isa = PBXTargetDependency;
			target = 31B8691E2919EA4700F7DA98 /* UserLocationSpark */;
			targetProxy = 31B869312919EA4B00F7DA98 /* PBXContainerItemProxy */;
		};
		31B8693C2919EA4C00F7DA98 /* PBXTargetDependency */ = {
			isa = PBXTargetDependency;
			target = 31B8691E2919EA4700F7DA98 /* UserLocationSpark */;
			targetProxy = 31B8693B2919EA4C00F7DA98 /* PBXContainerItemProxy */;
		};
/* End PBXTargetDependency section */

/* Begin XCBuildConfiguration section */
		31B869422919EA4C00F7DA98 /* Debug */ = {
			isa = XCBuildConfiguration;
			buildSettings = {
				ALWAYS_SEARCH_USER_PATHS = NO;
				CLANG_ANALYZER_NONNULL = YES;
				CLANG_ANALYZER_NUMBER_OBJECT_CONVERSION = YES_AGGRESSIVE;
				CLANG_CXX_LANGUAGE_STANDARD = "gnu++20";
				CLANG_ENABLE_MODULES = YES;
				CLANG_ENABLE_OBJC_ARC = YES;
				CLANG_ENABLE_OBJC_WEAK = YES;
				CLANG_WARN_BLOCK_CAPTURE_AUTORELEASING = YES;
				CLANG_WARN_BOOL_CONVERSION = YES;
				CLANG_WARN_COMMA = YES;
				CLANG_WARN_CONSTANT_CONVERSION = YES;
				CLANG_WARN_DEPRECATED_OBJC_IMPLEMENTATIONS = YES;
				CLANG_WARN_DIRECT_OBJC_ISA_USAGE = YES_ERROR;
				CLANG_WARN_DOCUMENTATION_COMMENTS = YES;
				CLANG_WARN_EMPTY_BODY = YES;
				CLANG_WARN_ENUM_CONVERSION = YES;
				CLANG_WARN_INFINITE_RECURSION = YES;
				CLANG_WARN_INT_CONVERSION = YES;
				CLANG_WARN_NON_LITERAL_NULL_CONVERSION = YES;
				CLANG_WARN_OBJC_IMPLICIT_RETAIN_SELF = YES;
				CLANG_WARN_OBJC_LITERAL_CONVERSION = YES;
				CLANG_WARN_OBJC_ROOT_CLASS = YES_ERROR;
				CLANG_WARN_QUOTED_INCLUDE_IN_FRAMEWORK_HEADER = YES;
				CLANG_WARN_RANGE_LOOP_ANALYSIS = YES;
				CLANG_WARN_STRICT_PROTOTYPES = YES;
				CLANG_WARN_SUSPICIOUS_MOVE = YES;
				CLANG_WARN_UNGUARDED_AVAILABILITY = YES_AGGRESSIVE;
				CLANG_WARN_UNREACHABLE_CODE = YES;
				CLANG_WARN__DUPLICATE_METHOD_MATCH = YES;
				COPY_PHASE_STRIP = NO;
				DEBUG_INFORMATION_FORMAT = dwarf;
				ENABLE_STRICT_OBJC_MSGSEND = YES;
				ENABLE_TESTABILITY = YES;
				GCC_C_LANGUAGE_STANDARD = gnu11;
				GCC_DYNAMIC_NO_PIC = NO;
				GCC_NO_COMMON_BLOCKS = YES;
				GCC_OPTIMIZATION_LEVEL = 0;
				GCC_PREPROCESSOR_DEFINITIONS = (
					"DEBUG=1",
					"$(inherited)",
				);
				GCC_WARN_64_TO_32_BIT_CONVERSION = YES;
				GCC_WARN_ABOUT_RETURN_TYPE = YES_ERROR;
				GCC_WARN_UNDECLARED_SELECTOR = YES;
				GCC_WARN_UNINITIALIZED_AUTOS = YES_AGGRESSIVE;
				GCC_WARN_UNUSED_FUNCTION = YES;
				GCC_WARN_UNUSED_VARIABLE = YES;
				MTL_ENABLE_DEBUG_INFO = INCLUDE_SOURCE;
				MTL_FAST_MATH = YES;
				ONLY_ACTIVE_ARCH = YES;
				SWIFT_ACTIVE_COMPILATION_CONDITIONS = DEBUG;
				SWIFT_OPTIMIZATION_LEVEL = "-Onone";
			};
			name = Debug;
		};
		31B869432919EA4C00F7DA98 /* Release */ = {
			isa = XCBuildConfiguration;
			buildSettings = {
				ALWAYS_SEARCH_USER_PATHS = NO;
				CLANG_ANALYZER_NONNULL = YES;
				CLANG_ANALYZER_NUMBER_OBJECT_CONVERSION = YES_AGGRESSIVE;
				CLANG_CXX_LANGUAGE_STANDARD = "gnu++20";
				CLANG_ENABLE_MODULES = YES;
				CLANG_ENABLE_OBJC_ARC = YES;
				CLANG_ENABLE_OBJC_WEAK = YES;
				CLANG_WARN_BLOCK_CAPTURE_AUTORELEASING = YES;
				CLANG_WARN_BOOL_CONVERSION = YES;
				CLANG_WARN_COMMA = YES;
				CLANG_WARN_CONSTANT_CONVERSION = YES;
				CLANG_WARN_DEPRECATED_OBJC_IMPLEMENTATIONS = YES;
				CLANG_WARN_DIRECT_OBJC_ISA_USAGE = YES_ERROR;
				CLANG_WARN_DOCUMENTATION_COMMENTS = YES;
				CLANG_WARN_EMPTY_BODY = YES;
				CLANG_WARN_ENUM_CONVERSION = YES;
				CLANG_WARN_INFINITE_RECURSION = YES;
				CLANG_WARN_INT_CONVERSION = YES;
				CLANG_WARN_NON_LITERAL_NULL_CONVERSION = YES;
				CLANG_WARN_OBJC_IMPLICIT_RETAIN_SELF = YES;
				CLANG_WARN_OBJC_LITERAL_CONVERSION = YES;
				CLANG_WARN_OBJC_ROOT_CLASS = YES_ERROR;
				CLANG_WARN_QUOTED_INCLUDE_IN_FRAMEWORK_HEADER = YES;
				CLANG_WARN_RANGE_LOOP_ANALYSIS = YES;
				CLANG_WARN_STRICT_PROTOTYPES = YES;
				CLANG_WARN_SUSPICIOUS_MOVE = YES;
				CLANG_WARN_UNGUARDED_AVAILABILITY = YES_AGGRESSIVE;
				CLANG_WARN_UNREACHABLE_CODE = YES;
				CLANG_WARN__DUPLICATE_METHOD_MATCH = YES;
				COPY_PHASE_STRIP = NO;
				DEBUG_INFORMATION_FORMAT = "dwarf-with-dsym";
				ENABLE_NS_ASSERTIONS = NO;
				ENABLE_STRICT_OBJC_MSGSEND = YES;
				GCC_C_LANGUAGE_STANDARD = gnu11;
				GCC_NO_COMMON_BLOCKS = YES;
				GCC_WARN_64_TO_32_BIT_CONVERSION = YES;
				GCC_WARN_ABOUT_RETURN_TYPE = YES_ERROR;
				GCC_WARN_UNDECLARED_SELECTOR = YES;
				GCC_WARN_UNINITIALIZED_AUTOS = YES_AGGRESSIVE;
				GCC_WARN_UNUSED_FUNCTION = YES;
				GCC_WARN_UNUSED_VARIABLE = YES;
				MTL_ENABLE_DEBUG_INFO = NO;
				MTL_FAST_MATH = YES;
				SWIFT_COMPILATION_MODE = wholemodule;
				SWIFT_OPTIMIZATION_LEVEL = "-O";
			};
			name = Release;
		};
		31B869452919EA4C00F7DA98 /* Debug */ = {
			isa = XCBuildConfiguration;
			buildSettings = {
				ASSETCATALOG_COMPILER_APPICON_NAME = AppIcon;
				ASSETCATALOG_COMPILER_GLOBAL_ACCENT_COLOR_NAME = AccentColor;
				CODE_SIGN_ENTITLEMENTS = UserLocationSpark/UserLocationSpark.entitlements;
				CODE_SIGN_STYLE = Automatic;
				CURRENT_PROJECT_VERSION = 1;
				DEVELOPMENT_ASSET_PATHS = "\"UserLocationSpark/Preview Content\"";
				ENABLE_PREVIEWS = YES;
				GENERATE_INFOPLIST_FILE = YES;
				INFOPLIST_KEY_NSLocationWhenInUseUsageDescription = "Spark needs your location to connect you with other users!";
				"INFOPLIST_KEY_UIApplicationSceneManifest_Generation[sdk=iphoneos*]" = YES;
				"INFOPLIST_KEY_UIApplicationSceneManifest_Generation[sdk=iphonesimulator*]" = YES;
				"INFOPLIST_KEY_UIApplicationSupportsIndirectInputEvents[sdk=iphoneos*]" = YES;
				"INFOPLIST_KEY_UIApplicationSupportsIndirectInputEvents[sdk=iphonesimulator*]" = YES;
				"INFOPLIST_KEY_UILaunchScreen_Generation[sdk=iphoneos*]" = YES;
				"INFOPLIST_KEY_UILaunchScreen_Generation[sdk=iphonesimulator*]" = YES;
				"INFOPLIST_KEY_UIStatusBarStyle[sdk=iphoneos*]" = UIStatusBarStyleDefault;
				"INFOPLIST_KEY_UIStatusBarStyle[sdk=iphonesimulator*]" = UIStatusBarStyleDefault;
				INFOPLIST_KEY_UISupportedInterfaceOrientations_iPad = "UIInterfaceOrientationPortrait UIInterfaceOrientationPortraitUpsideDown UIInterfaceOrientationLandscapeLeft UIInterfaceOrientationLandscapeRight";
				INFOPLIST_KEY_UISupportedInterfaceOrientations_iPhone = "UIInterfaceOrientationPortrait UIInterfaceOrientationLandscapeLeft UIInterfaceOrientationLandscapeRight";
				IPHONEOS_DEPLOYMENT_TARGET = 16.1;
				LD_RUNPATH_SEARCH_PATHS = "@executable_path/Frameworks";
				"LD_RUNPATH_SEARCH_PATHS[sdk=macosx*]" = "@executable_path/../Frameworks";
				MACOSX_DEPLOYMENT_TARGET = 13.0;
				MARKETING_VERSION = 1.0;
				PRODUCT_BUNDLE_IDENTIFIER = Spark.UserLocationSpark;
				PRODUCT_NAME = "$(TARGET_NAME)";
				SDKROOT = auto;
				SUPPORTED_PLATFORMS = "iphoneos iphonesimulator macosx";
				SWIFT_EMIT_LOC_STRINGS = YES;
				SWIFT_VERSION = 5.0;
				TARGETED_DEVICE_FAMILY = "1,2";
			};
			name = Debug;
		};
		31B869462919EA4C00F7DA98 /* Release */ = {
			isa = XCBuildConfiguration;
			buildSettings = {
				ASSETCATALOG_COMPILER_APPICON_NAME = AppIcon;
				ASSETCATALOG_COMPILER_GLOBAL_ACCENT_COLOR_NAME = AccentColor;
				CODE_SIGN_ENTITLEMENTS = UserLocationSpark/UserLocationSpark.entitlements;
				CODE_SIGN_STYLE = Automatic;
				CURRENT_PROJECT_VERSION = 1;
				DEVELOPMENT_ASSET_PATHS = "\"UserLocationSpark/Preview Content\"";
				ENABLE_PREVIEWS = YES;
				GENERATE_INFOPLIST_FILE = YES;
				INFOPLIST_KEY_NSLocationWhenInUseUsageDescription = "Spark needs your location to connect you with other users!";
				"INFOPLIST_KEY_UIApplicationSceneManifest_Generation[sdk=iphoneos*]" = YES;
				"INFOPLIST_KEY_UIApplicationSceneManifest_Generation[sdk=iphonesimulator*]" = YES;
				"INFOPLIST_KEY_UIApplicationSupportsIndirectInputEvents[sdk=iphoneos*]" = YES;
				"INFOPLIST_KEY_UIApplicationSupportsIndirectInputEvents[sdk=iphonesimulator*]" = YES;
				"INFOPLIST_KEY_UILaunchScreen_Generation[sdk=iphoneos*]" = YES;
				"INFOPLIST_KEY_UILaunchScreen_Generation[sdk=iphonesimulator*]" = YES;
				"INFOPLIST_KEY_UIStatusBarStyle[sdk=iphoneos*]" = UIStatusBarStyleDefault;
				"INFOPLIST_KEY_UIStatusBarStyle[sdk=iphonesimulator*]" = UIStatusBarStyleDefault;
				INFOPLIST_KEY_UISupportedInterfaceOrientations_iPad = "UIInterfaceOrientationPortrait UIInterfaceOrientationPortraitUpsideDown UIInterfaceOrientationLandscapeLeft UIInterfaceOrientationLandscapeRight";
				INFOPLIST_KEY_UISupportedInterfaceOrientations_iPhone = "UIInterfaceOrientationPortrait UIInterfaceOrientationLandscapeLeft UIInterfaceOrientationLandscapeRight";
				IPHONEOS_DEPLOYMENT_TARGET = 16.1;
				LD_RUNPATH_SEARCH_PATHS = "@executable_path/Frameworks";
				"LD_RUNPATH_SEARCH_PATHS[sdk=macosx*]" = "@executable_path/../Frameworks";
				MACOSX_DEPLOYMENT_TARGET = 13.0;
				MARKETING_VERSION = 1.0;
				PRODUCT_BUNDLE_IDENTIFIER = Spark.UserLocationSpark;
				PRODUCT_NAME = "$(TARGET_NAME)";
				SDKROOT = auto;
				SUPPORTED_PLATFORMS = "iphoneos iphonesimulator macosx";
				SWIFT_EMIT_LOC_STRINGS = YES;
				SWIFT_VERSION = 5.0;
				TARGETED_DEVICE_FAMILY = "1,2";
			};
			name = Release;
		};
		31B869482919EA4C00F7DA98 /* Debug */ = {
			isa = XCBuildConfiguration;
			buildSettings = {
				ALWAYS_EMBED_SWIFT_STANDARD_LIBRARIES = YES;
				BUNDLE_LOADER = "$(TEST_HOST)";
				CODE_SIGN_STYLE = Automatic;
				CURRENT_PROJECT_VERSION = 1;
				GENERATE_INFOPLIST_FILE = YES;
				IPHONEOS_DEPLOYMENT_TARGET = 16.1;
				MACOSX_DEPLOYMENT_TARGET = 13.0;
				MARKETING_VERSION = 1.0;
				PRODUCT_BUNDLE_IDENTIFIER = Spark.UserLocationSparkTests;
				PRODUCT_NAME = "$(TARGET_NAME)";
				SDKROOT = auto;
				SUPPORTED_PLATFORMS = "iphoneos iphonesimulator macosx";
				SWIFT_EMIT_LOC_STRINGS = NO;
				SWIFT_VERSION = 5.0;
				TARGETED_DEVICE_FAMILY = "1,2";
				TEST_HOST = "$(BUILT_PRODUCTS_DIR)/UserLocationSpark.app/$(BUNDLE_EXECUTABLE_FOLDER_PATH)/UserLocationSpark";
			};
			name = Debug;
		};
		31B869492919EA4C00F7DA98 /* Release */ = {
			isa = XCBuildConfiguration;
			buildSettings = {
				ALWAYS_EMBED_SWIFT_STANDARD_LIBRARIES = YES;
				BUNDLE_LOADER = "$(TEST_HOST)";
				CODE_SIGN_STYLE = Automatic;
				CURRENT_PROJECT_VERSION = 1;
				GENERATE_INFOPLIST_FILE = YES;
				IPHONEOS_DEPLOYMENT_TARGET = 16.1;
				MACOSX_DEPLOYMENT_TARGET = 13.0;
				MARKETING_VERSION = 1.0;
				PRODUCT_BUNDLE_IDENTIFIER = Spark.UserLocationSparkTests;
				PRODUCT_NAME = "$(TARGET_NAME)";
				SDKROOT = auto;
				SUPPORTED_PLATFORMS = "iphoneos iphonesimulator macosx";
				SWIFT_EMIT_LOC_STRINGS = NO;
				SWIFT_VERSION = 5.0;
				TARGETED_DEVICE_FAMILY = "1,2";
				TEST_HOST = "$(BUILT_PRODUCTS_DIR)/UserLocationSpark.app/$(BUNDLE_EXECUTABLE_FOLDER_PATH)/UserLocationSpark";
			};
			name = Release;
		};
		31B8694B2919EA4C00F7DA98 /* Debug */ = {
			isa = XCBuildConfiguration;
			buildSettings = {
				ALWAYS_EMBED_SWIFT_STANDARD_LIBRARIES = YES;
				CODE_SIGN_STYLE = Automatic;
				CURRENT_PROJECT_VERSION = 1;
				GENERATE_INFOPLIST_FILE = YES;
				IPHONEOS_DEPLOYMENT_TARGET = 16.1;
				MACOSX_DEPLOYMENT_TARGET = 13.0;
				MARKETING_VERSION = 1.0;
				PRODUCT_BUNDLE_IDENTIFIER = Spark.UserLocationSparkUITests;
				PRODUCT_NAME = "$(TARGET_NAME)";
				SDKROOT = auto;
				SUPPORTED_PLATFORMS = "iphoneos iphonesimulator macosx";
				SWIFT_EMIT_LOC_STRINGS = NO;
				SWIFT_VERSION = 5.0;
				TARGETED_DEVICE_FAMILY = "1,2";
				TEST_TARGET_NAME = UserLocationSpark;
			};
			name = Debug;
		};
		31B8694C2919EA4C00F7DA98 /* Release */ = {
			isa = XCBuildConfiguration;
			buildSettings = {
				ALWAYS_EMBED_SWIFT_STANDARD_LIBRARIES = YES;
				CODE_SIGN_STYLE = Automatic;
				CURRENT_PROJECT_VERSION = 1;
				GENERATE_INFOPLIST_FILE = YES;
				IPHONEOS_DEPLOYMENT_TARGET = 16.1;
				MACOSX_DEPLOYMENT_TARGET = 13.0;
				MARKETING_VERSION = 1.0;
				PRODUCT_BUNDLE_IDENTIFIER = Spark.UserLocationSparkUITests;
				PRODUCT_NAME = "$(TARGET_NAME)";
				SDKROOT = auto;
				SUPPORTED_PLATFORMS = "iphoneos iphonesimulator macosx";
				SWIFT_EMIT_LOC_STRINGS = NO;
				SWIFT_VERSION = 5.0;
				TARGETED_DEVICE_FAMILY = "1,2";
				TEST_TARGET_NAME = UserLocationSpark;
			};
			name = Release;
		};
/* End XCBuildConfiguration section */

/* Begin XCConfigurationList section */
		31B8691A2919EA4700F7DA98 /* Build configuration list for PBXProject "UserLocationSpark" */ = {
			isa = XCConfigurationList;
			buildConfigurations = (
				31B869422919EA4C00F7DA98 /* Debug */,
				31B869432919EA4C00F7DA98 /* Release */,
			);
			defaultConfigurationIsVisible = 0;
			defaultConfigurationName = Release;
		};
		31B869442919EA4C00F7DA98 /* Build configuration list for PBXNativeTarget "UserLocationSpark" */ = {
			isa = XCConfigurationList;
			buildConfigurations = (
				31B869452919EA4C00F7DA98 /* Debug */,
				31B869462919EA4C00F7DA98 /* Release */,
			);
			defaultConfigurationIsVisible = 0;
			defaultConfigurationName = Release;
		};
		31B869472919EA4C00F7DA98 /* Build configuration list for PBXNativeTarget "UserLocationSparkTests" */ = {
			isa = XCConfigurationList;
			buildConfigurations = (
				31B869482919EA4C00F7DA98 /* Debug */,
				31B869492919EA4C00F7DA98 /* Release */,
			);
			defaultConfigurationIsVisible = 0;
			defaultConfigurationName = Release;
		};
		31B8694A2919EA4C00F7DA98 /* Build configuration list for PBXNativeTarget "UserLocationSparkUITests" */ = {
			isa = XCConfigurationList;
			buildConfigurations = (
				31B8694B2919EA4C00F7DA98 /* Debug */,
				31B8694C2919EA4C00F7DA98 /* Release */,
			);
			defaultConfigurationIsVisible = 0;
			defaultConfigurationName = Release;
		};
/* End XCConfigurationList section */
	};
	rootObject = 31B869172919EA4700F7DA98 /* Project object */;
}
